// !$*UTF8*$!
{
	archiveVersion = 1;
	classes = {
	};
	objectVersion = 50;
	objects = {

/* Begin PBXBuildFile section */
		240E7B012187B95700BA79B9 /* SettingsView.swift in Sources */ = {isa = PBXBuildFile; fileRef = 240E7B002187B95700BA79B9 /* SettingsView.swift */; };
		24458FC921B729A200972636 /* MultiplayerChoiceView.swift in Sources */ = {isa = PBXBuildFile; fileRef = 24458FC821B729A200972636 /* MultiplayerChoiceView.swift */; };
		24458FCB21B7313E00972636 /* MultiplayerGameView.swift in Sources */ = {isa = PBXBuildFile; fileRef = 24458FCA21B7313E00972636 /* MultiplayerGameView.swift */; };
		24458FCE21B7325E00972636 /* GameKit.framework in Frameworks */ = {isa = PBXBuildFile; fileRef = 24458FCD21B7325E00972636 /* GameKit.framework */; };
		24912B04216BB98C00C34B6C /* AppDelegate.swift in Sources */ = {isa = PBXBuildFile; fileRef = 24912B03216BB98C00C34B6C /* AppDelegate.swift */; };
		24912B06216BB98C00C34B6C /* ViewController.swift in Sources */ = {isa = PBXBuildFile; fileRef = 24912B05216BB98C00C34B6C /* ViewController.swift */; };
		24912B09216BB98C00C34B6C /* Main.storyboard in Resources */ = {isa = PBXBuildFile; fileRef = 24912B07216BB98C00C34B6C /* Main.storyboard */; };
		24912B0B216BB98D00C34B6C /* Assets.xcassets in Resources */ = {isa = PBXBuildFile; fileRef = 24912B0A216BB98D00C34B6C /* Assets.xcassets */; };
		24912B0E216BB98D00C34B6C /* LaunchScreen.storyboard in Resources */ = {isa = PBXBuildFile; fileRef = 24912B0C216BB98D00C34B6C /* LaunchScreen.storyboard */; };
		24912B19216BB98D00C34B6C /* Project_Team6Tests.swift in Sources */ = {isa = PBXBuildFile; fileRef = 24912B18216BB98D00C34B6C /* Project_Team6Tests.swift */; };
		24912B24216BB98D00C34B6C /* Project_Team6UITests.swift in Sources */ = {isa = PBXBuildFile; fileRef = 24912B23216BB98D00C34B6C /* Project_Team6UITests.swift */; };
		24912B32216BC27C00C34B6C /* GameView.swift in Sources */ = {isa = PBXBuildFile; fileRef = 24912B31216BC27C00C34B6C /* GameView.swift */; };
		249E720C218A490200DB111B /* K2D-SemiBold.ttf in Resources */ = {isa = PBXBuildFile; fileRef = 249E71EA218A47D300DB111B /* K2D-SemiBold.ttf */; };
		249E720D218A490200DB111B /* K2D-Bold.ttf in Resources */ = {isa = PBXBuildFile; fileRef = 249E71EB218A47D300DB111B /* K2D-Bold.ttf */; };
		249E720E218A490200DB111B /* K2D-Thin.ttf in Resources */ = {isa = PBXBuildFile; fileRef = 249E71EC218A47D300DB111B /* K2D-Thin.ttf */; };
		249E720F218A490200DB111B /* K2D-Italic.ttf in Resources */ = {isa = PBXBuildFile; fileRef = 249E71ED218A47D300DB111B /* K2D-Italic.ttf */; };
		249E7210218A490200DB111B /* K2D-LightItalic.ttf in Resources */ = {isa = PBXBuildFile; fileRef = 249E71EE218A47D300DB111B /* K2D-LightItalic.ttf */; };
		249E7211218A490200DB111B /* K2D-ExtraBold.ttf in Resources */ = {isa = PBXBuildFile; fileRef = 249E71EF218A47D300DB111B /* K2D-ExtraBold.ttf */; };
		249E7212218A490200DB111B /* K2D-ExtraLightItalic.ttf in Resources */ = {isa = PBXBuildFile; fileRef = 249E71F0218A47D300DB111B /* K2D-ExtraLightItalic.ttf */; };
		249E7213218A490200DB111B /* K2D-ExtraLight.ttf in Resources */ = {isa = PBXBuildFile; fileRef = 249E71F1218A47D300DB111B /* K2D-ExtraLight.ttf */; };
		249E7214218A490200DB111B /* K2D-MediumItalic.ttf in Resources */ = {isa = PBXBuildFile; fileRef = 249E71F2218A47D300DB111B /* K2D-MediumItalic.ttf */; };
		249E7215218A490200DB111B /* K2D-ThinItalic.ttf in Resources */ = {isa = PBXBuildFile; fileRef = 249E71F3218A47D300DB111B /* K2D-ThinItalic.ttf */; };
		249E7216218A490200DB111B /* K2D-BoldItalic.ttf in Resources */ = {isa = PBXBuildFile; fileRef = 249E71F4218A47D300DB111B /* K2D-BoldItalic.ttf */; };
		249E7217218A490200DB111B /* OFL.txt in Resources */ = {isa = PBXBuildFile; fileRef = 249E71F5218A47D300DB111B /* OFL.txt */; };
		249E7218218A490200DB111B /* K2D-SemiBoldItalic.ttf in Resources */ = {isa = PBXBuildFile; fileRef = 249E71F6218A47D300DB111B /* K2D-SemiBoldItalic.ttf */; };
		249E7219218A490200DB111B /* K2D-Light.ttf in Resources */ = {isa = PBXBuildFile; fileRef = 249E71F7218A47D300DB111B /* K2D-Light.ttf */; };
		249E721A218A490200DB111B /* K2D-ExtraBoldItalic.ttf in Resources */ = {isa = PBXBuildFile; fileRef = 249E71F8218A47D300DB111B /* K2D-ExtraBoldItalic.ttf */; };
		249E721B218A490200DB111B /* K2D-Medium.ttf in Resources */ = {isa = PBXBuildFile; fileRef = 249E71F9218A47D300DB111B /* K2D-Medium.ttf */; };
		249EAB1221A4ACC7006156B5 /* FriendsView.swift in Sources */ = {isa = PBXBuildFile; fileRef = 249EAB1121A4ACC7006156B5 /* FriendsView.swift */; };
		249EAB1421A4AFE3006156B5 /* TableViewController.swift in Sources */ = {isa = PBXBuildFile; fileRef = 249EAB1321A4AFE3006156B5 /* TableViewController.swift */; };
		24C07B40216BE42000C4B216 /* MenuView.swift in Sources */ = {isa = PBXBuildFile; fileRef = 24C07B3F216BE42000C4B216 /* MenuView.swift */; };
/* End PBXBuildFile section */

/* Begin PBXContainerItemProxy section */
		24912B15216BB98D00C34B6C /* PBXContainerItemProxy */ = {
			isa = PBXContainerItemProxy;
			containerPortal = 24912AF8216BB98C00C34B6C /* Project object */;
			proxyType = 1;
			remoteGlobalIDString = 24912AFF216BB98C00C34B6C;
			remoteInfo = Project_Team6;
		};
		24912B20216BB98D00C34B6C /* PBXContainerItemProxy */ = {
			isa = PBXContainerItemProxy;
			containerPortal = 24912AF8216BB98C00C34B6C /* Project object */;
			proxyType = 1;
			remoteGlobalIDString = 24912AFF216BB98C00C34B6C;
			remoteInfo = Project_Team6;
		};
/* End PBXContainerItemProxy section */

/* Begin PBXFileReference section */
		240E7B002187B95700BA79B9 /* SettingsView.swift */ = {isa = PBXFileReference; lastKnownFileType = sourcecode.swift; path = SettingsView.swift; sourceTree = "<group>"; };
		24458FC821B729A200972636 /* MultiplayerChoiceView.swift */ = {isa = PBXFileReference; lastKnownFileType = sourcecode.swift; path = MultiplayerChoiceView.swift; sourceTree = "<group>"; };
		24458FCA21B7313E00972636 /* MultiplayerGameView.swift */ = {isa = PBXFileReference; lastKnownFileType = sourcecode.swift; path = MultiplayerGameView.swift; sourceTree = "<group>"; };
		24458FCD21B7325E00972636 /* GameKit.framework */ = {isa = PBXFileReference; lastKnownFileType = wrapper.framework; name = GameKit.framework; path = System/Library/Frameworks/GameKit.framework; sourceTree = SDKROOT; };
		24912B00216BB98C00C34B6C /* Project_Team6.app */ = {isa = PBXFileReference; explicitFileType = wrapper.application; includeInIndex = 0; path = Project_Team6.app; sourceTree = BUILT_PRODUCTS_DIR; };
		24912B03216BB98C00C34B6C /* AppDelegate.swift */ = {isa = PBXFileReference; lastKnownFileType = sourcecode.swift; path = AppDelegate.swift; sourceTree = "<group>"; };
		24912B05216BB98C00C34B6C /* ViewController.swift */ = {isa = PBXFileReference; lastKnownFileType = sourcecode.swift; path = ViewController.swift; sourceTree = "<group>"; };
		24912B08216BB98C00C34B6C /* Base */ = {isa = PBXFileReference; lastKnownFileType = file.storyboard; name = Base; path = Base.lproj/Main.storyboard; sourceTree = "<group>"; };
		24912B0A216BB98D00C34B6C /* Assets.xcassets */ = {isa = PBXFileReference; lastKnownFileType = folder.assetcatalog; path = Assets.xcassets; sourceTree = "<group>"; };
		24912B0D216BB98D00C34B6C /* Base */ = {isa = PBXFileReference; lastKnownFileType = file.storyboard; name = Base; path = Base.lproj/LaunchScreen.storyboard; sourceTree = "<group>"; };
		24912B0F216BB98D00C34B6C /* Info.plist */ = {isa = PBXFileReference; lastKnownFileType = text.plist.xml; path = Info.plist; sourceTree = "<group>"; };
		24912B14216BB98D00C34B6C /* Project_Team6Tests.xctest */ = {isa = PBXFileReference; explicitFileType = wrapper.cfbundle; includeInIndex = 0; path = Project_Team6Tests.xctest; sourceTree = BUILT_PRODUCTS_DIR; };
		24912B18216BB98D00C34B6C /* Project_Team6Tests.swift */ = {isa = PBXFileReference; lastKnownFileType = sourcecode.swift; path = Project_Team6Tests.swift; sourceTree = "<group>"; };
		24912B1A216BB98D00C34B6C /* Info.plist */ = {isa = PBXFileReference; lastKnownFileType = text.plist.xml; path = Info.plist; sourceTree = "<group>"; };
		24912B1F216BB98D00C34B6C /* Project_Team6UITests.xctest */ = {isa = PBXFileReference; explicitFileType = wrapper.cfbundle; includeInIndex = 0; path = Project_Team6UITests.xctest; sourceTree = BUILT_PRODUCTS_DIR; };
		24912B23216BB98D00C34B6C /* Project_Team6UITests.swift */ = {isa = PBXFileReference; lastKnownFileType = sourcecode.swift; path = Project_Team6UITests.swift; sourceTree = "<group>"; };
		24912B25216BB98D00C34B6C /* Info.plist */ = {isa = PBXFileReference; lastKnownFileType = text.plist.xml; path = Info.plist; sourceTree = "<group>"; };
		24912B31216BC27C00C34B6C /* GameView.swift */ = {isa = PBXFileReference; lastKnownFileType = sourcecode.swift; path = GameView.swift; sourceTree = "<group>"; };
		249E71EA218A47D300DB111B /* K2D-SemiBold.ttf */ = {isa = PBXFileReference; lastKnownFileType = file; path = "K2D-SemiBold.ttf"; sourceTree = "<group>"; };
		249E71EB218A47D300DB111B /* K2D-Bold.ttf */ = {isa = PBXFileReference; lastKnownFileType = file; path = "K2D-Bold.ttf"; sourceTree = "<group>"; };
		249E71EC218A47D300DB111B /* K2D-Thin.ttf */ = {isa = PBXFileReference; lastKnownFileType = file; path = "K2D-Thin.ttf"; sourceTree = "<group>"; };
		249E71ED218A47D300DB111B /* K2D-Italic.ttf */ = {isa = PBXFileReference; lastKnownFileType = file; path = "K2D-Italic.ttf"; sourceTree = "<group>"; };
		249E71EE218A47D300DB111B /* K2D-LightItalic.ttf */ = {isa = PBXFileReference; lastKnownFileType = file; path = "K2D-LightItalic.ttf"; sourceTree = "<group>"; };
		249E71EF218A47D300DB111B /* K2D-ExtraBold.ttf */ = {isa = PBXFileReference; lastKnownFileType = file; path = "K2D-ExtraBold.ttf"; sourceTree = "<group>"; };
		249E71F0218A47D300DB111B /* K2D-ExtraLightItalic.ttf */ = {isa = PBXFileReference; lastKnownFileType = file; path = "K2D-ExtraLightItalic.ttf"; sourceTree = "<group>"; };
		249E71F1218A47D300DB111B /* K2D-ExtraLight.ttf */ = {isa = PBXFileReference; lastKnownFileType = file; path = "K2D-ExtraLight.ttf"; sourceTree = "<group>"; };
		249E71F2218A47D300DB111B /* K2D-MediumItalic.ttf */ = {isa = PBXFileReference; lastKnownFileType = file; path = "K2D-MediumItalic.ttf"; sourceTree = "<group>"; };
		249E71F3218A47D300DB111B /* K2D-ThinItalic.ttf */ = {isa = PBXFileReference; lastKnownFileType = file; path = "K2D-ThinItalic.ttf"; sourceTree = "<group>"; };
		249E71F4218A47D300DB111B /* K2D-BoldItalic.ttf */ = {isa = PBXFileReference; lastKnownFileType = file; path = "K2D-BoldItalic.ttf"; sourceTree = "<group>"; };
		249E71F5218A47D300DB111B /* OFL.txt */ = {isa = PBXFileReference; lastKnownFileType = text; path = OFL.txt; sourceTree = "<group>"; };
		249E71F6218A47D300DB111B /* K2D-SemiBoldItalic.ttf */ = {isa = PBXFileReference; lastKnownFileType = file; path = "K2D-SemiBoldItalic.ttf"; sourceTree = "<group>"; };
		249E71F7218A47D300DB111B /* K2D-Light.ttf */ = {isa = PBXFileReference; lastKnownFileType = file; path = "K2D-Light.ttf"; sourceTree = "<group>"; };
		249E71F8218A47D300DB111B /* K2D-ExtraBoldItalic.ttf */ = {isa = PBXFileReference; lastKnownFileType = file; path = "K2D-ExtraBoldItalic.ttf"; sourceTree = "<group>"; };
		249E71F9218A47D300DB111B /* K2D-Medium.ttf */ = {isa = PBXFileReference; lastKnownFileType = file; path = "K2D-Medium.ttf"; sourceTree = "<group>"; };
		249E720B218A48A300DB111B /* Project_Team6 copy-Info.plist */ = {isa = PBXFileReference; lastKnownFileType = text.plist.xml; name = "Project_Team6 copy-Info.plist"; path = "/Users/team6/Desktop/NumPi/Project_Team6 copy-Info.plist"; sourceTree = "<absolute>"; };
		249EAB1121A4ACC7006156B5 /* FriendsView.swift */ = {isa = PBXFileReference; lastKnownFileType = sourcecode.swift; path = FriendsView.swift; sourceTree = "<group>"; };
		249EAB1321A4AFE3006156B5 /* TableViewController.swift */ = {isa = PBXFileReference; lastKnownFileType = sourcecode.swift; path = TableViewController.swift; sourceTree = "<group>"; };
		24C07B3F216BE42000C4B216 /* MenuView.swift */ = {isa = PBXFileReference; lastKnownFileType = sourcecode.swift; path = MenuView.swift; sourceTree = "<group>"; };
/* End PBXFileReference section */

/* Begin PBXFrameworksBuildPhase section */
		24912AFD216BB98C00C34B6C /* Frameworks */ = {
			isa = PBXFrameworksBuildPhase;
			buildActionMask = 2147483647;
			files = (
				24458FCE21B7325E00972636 /* GameKit.framework in Frameworks */,
			);
			runOnlyForDeploymentPostprocessing = 0;
		};
		24912B11216BB98D00C34B6C /* Frameworks */ = {
			isa = PBXFrameworksBuildPhase;
			buildActionMask = 2147483647;
			files = (
			);
			runOnlyForDeploymentPostprocessing = 0;
		};
		24912B1C216BB98D00C34B6C /* Frameworks */ = {
			isa = PBXFrameworksBuildPhase;
			buildActionMask = 2147483647;
			files = (
			);
			runOnlyForDeploymentPostprocessing = 0;
		};
/* End PBXFrameworksBuildPhase section */

/* Begin PBXGroup section */
		24458FCC21B7325E00972636 /* Frameworks */ = {
			isa = PBXGroup;
			children = (
				24458FCD21B7325E00972636 /* GameKit.framework */,
			);
			name = Frameworks;
			sourceTree = "<group>";
		};
		24912AF7216BB98C00C34B6C = {
			isa = PBXGroup;
			children = (
				24912B02216BB98C00C34B6C /* Project_Team6 */,
				24912B22216BB98D00C34B6C /* Project_Team6UITests */,
				24912B01216BB98C00C34B6C /* Products */,
				249E720B218A48A300DB111B /* Project_Team6 copy-Info.plist */,
				24458FCC21B7325E00972636 /* Frameworks */,
			);
			sourceTree = "<group>";
		};
		24912B01216BB98C00C34B6C /* Products */ = {
			isa = PBXGroup;
			children = (
				24912B00216BB98C00C34B6C /* Project_Team6.app */,
				24912B14216BB98D00C34B6C /* Project_Team6Tests.xctest */,
				24912B1F216BB98D00C34B6C /* Project_Team6UITests.xctest */,
			);
			name = Products;
			sourceTree = "<group>";
		};
		24912B02216BB98C00C34B6C /* Project_Team6 */ = {
			isa = PBXGroup;
			children = (
				249E71E9218A47D300DB111B /* K2D */,
				24912B03216BB98C00C34B6C /* AppDelegate.swift */,
				24912B05216BB98C00C34B6C /* ViewController.swift */,
				24C07B3F216BE42000C4B216 /* MenuView.swift */,
				24912B31216BC27C00C34B6C /* GameView.swift */,
				240E7B002187B95700BA79B9 /* SettingsView.swift */,
				249EAB1121A4ACC7006156B5 /* FriendsView.swift */,
				24458FC821B729A200972636 /* MultiplayerChoiceView.swift */,
				24458FCA21B7313E00972636 /* MultiplayerGameView.swift */,
				24912B07216BB98C00C34B6C /* Main.storyboard */,
				24912B0A216BB98D00C34B6C /* Assets.xcassets */,
				24912B0C216BB98D00C34B6C /* LaunchScreen.storyboard */,
				24912B0F216BB98D00C34B6C /* Info.plist */,
			);
			path = Project_Team6;
			sourceTree = "<group>";
		};
		24912B17216BB98D00C34B6C /* Project_Team6Tests */ = {
			isa = PBXGroup;
			children = (
				24912B18216BB98D00C34B6C /* Project_Team6Tests.swift */,
				24912B1A216BB98D00C34B6C /* Info.plist */,
			);
			path = Project_Team6Tests;
			sourceTree = "<group>";
		};
		24912B22216BB98D00C34B6C /* Project_Team6UITests */ = {
			isa = PBXGroup;
			children = (
				24912B17216BB98D00C34B6C /* Project_Team6Tests */,
				24912B23216BB98D00C34B6C /* Project_Team6UITests.swift */,
				24912B25216BB98D00C34B6C /* Info.plist */,
			);
			path = Project_Team6UITests;
			sourceTree = "<group>";
		};
		249E71E9218A47D300DB111B /* K2D */ = {
			isa = PBXGroup;
			children = (
				249E71EA218A47D300DB111B /* K2D-SemiBold.ttf */,
				249E71EB218A47D300DB111B /* K2D-Bold.ttf */,
				249E71EC218A47D300DB111B /* K2D-Thin.ttf */,
				249E71ED218A47D300DB111B /* K2D-Italic.ttf */,
				249E71EE218A47D300DB111B /* K2D-LightItalic.ttf */,
				249E71EF218A47D300DB111B /* K2D-ExtraBold.ttf */,
				249E71F0218A47D300DB111B /* K2D-ExtraLightItalic.ttf */,
				249E71F1218A47D300DB111B /* K2D-ExtraLight.ttf */,
				249E71F2218A47D300DB111B /* K2D-MediumItalic.ttf */,
				249E71F3218A47D300DB111B /* K2D-ThinItalic.ttf */,
				249E71F4218A47D300DB111B /* K2D-BoldItalic.ttf */,
				249E71F5218A47D300DB111B /* OFL.txt */,
				249E71F6218A47D300DB111B /* K2D-SemiBoldItalic.ttf */,
				249E71F7218A47D300DB111B /* K2D-Light.ttf */,
				249E71F8218A47D300DB111B /* K2D-ExtraBoldItalic.ttf */,
				249E71F9218A47D300DB111B /* K2D-Medium.ttf */,
				249EAB1321A4AFE3006156B5 /* TableViewController.swift */,
			);
			path = K2D;
			sourceTree = "<group>";
		};
/* End PBXGroup section */

/* Begin PBXNativeTarget section */
		24912AFF216BB98C00C34B6C /* Project_Team6 */ = {
			isa = PBXNativeTarget;
			buildConfigurationList = 24912B28216BB98D00C34B6C /* Build configuration list for PBXNativeTarget "Project_Team6" */;
			buildPhases = (
				24912AFC216BB98C00C34B6C /* Sources */,
				24912AFD216BB98C00C34B6C /* Frameworks */,
				24912AFE216BB98C00C34B6C /* Resources */,
			);
			buildRules = (
			);
			dependencies = (
			);
			name = Project_Team6;
			productName = Project_Team6;
			productReference = 24912B00216BB98C00C34B6C /* Project_Team6.app */;
			productType = "com.apple.product-type.application";
		};
		24912B13216BB98D00C34B6C /* Project_Team6Tests */ = {
			isa = PBXNativeTarget;
			buildConfigurationList = 24912B2B216BB98D00C34B6C /* Build configuration list for PBXNativeTarget "Project_Team6Tests" */;
			buildPhases = (
				24912B10216BB98D00C34B6C /* Sources */,
				24912B11216BB98D00C34B6C /* Frameworks */,
				24912B12216BB98D00C34B6C /* Resources */,
			);
			buildRules = (
			);
			dependencies = (
				24912B16216BB98D00C34B6C /* PBXTargetDependency */,
			);
			name = Project_Team6Tests;
			productName = Project_Team6Tests;
			productReference = 24912B14216BB98D00C34B6C /* Project_Team6Tests.xctest */;
			productType = "com.apple.product-type.bundle.unit-test";
		};
		24912B1E216BB98D00C34B6C /* Project_Team6UITests */ = {
			isa = PBXNativeTarget;
			buildConfigurationList = 24912B2E216BB98D00C34B6C /* Build configuration list for PBXNativeTarget "Project_Team6UITests" */;
			buildPhases = (
				24912B1B216BB98D00C34B6C /* Sources */,
				24912B1C216BB98D00C34B6C /* Frameworks */,
				24912B1D216BB98D00C34B6C /* Resources */,
			);
			buildRules = (
			);
			dependencies = (
				24912B21216BB98D00C34B6C /* PBXTargetDependency */,
			);
			name = Project_Team6UITests;
			productName = Project_Team6UITests;
			productReference = 24912B1F216BB98D00C34B6C /* Project_Team6UITests.xctest */;
			productType = "com.apple.product-type.bundle.ui-testing";
		};
/* End PBXNativeTarget section */

/* Begin PBXProject section */
		24912AF8216BB98C00C34B6C /* Project object */ = {
			isa = PBXProject;
			attributes = {
				LastSwiftUpdateCheck = 1000;
				LastUpgradeCheck = 1000;
				ORGANIZATIONNAME = Team6;
				TargetAttributes = {
					24912AFF216BB98C00C34B6C = {
						CreatedOnToolsVersion = 10.0;
						SystemCapabilities = {
							com.apple.GameCenter.iOS = {
								enabled = 1;
							};
						};
					};
					24912B13216BB98D00C34B6C = {
						CreatedOnToolsVersion = 10.0;
						TestTargetID = 24912AFF216BB98C00C34B6C;
					};
					24912B1E216BB98D00C34B6C = {
						CreatedOnToolsVersion = 10.0;
						TestTargetID = 24912AFF216BB98C00C34B6C;
					};
				};
			};
			buildConfigurationList = 24912AFB216BB98C00C34B6C /* Build configuration list for PBXProject "Project_Team6-10:31" */;
			compatibilityVersion = "Xcode 9.3";
			developmentRegion = en;
			hasScannedForEncodings = 0;
			knownRegions = (
				en,
				Base,
			);
			mainGroup = 24912AF7216BB98C00C34B6C;
			productRefGroup = 24912B01216BB98C00C34B6C /* Products */;
			projectDirPath = "";
			projectRoot = "";
			targets = (
				24912AFF216BB98C00C34B6C /* Project_Team6 */,
				24912B13216BB98D00C34B6C /* Project_Team6Tests */,
				24912B1E216BB98D00C34B6C /* Project_Team6UITests */,
			);
		};
/* End PBXProject section */

/* Begin PBXResourcesBuildPhase section */
		24912AFE216BB98C00C34B6C /* Resources */ = {
			isa = PBXResourcesBuildPhase;
			buildActionMask = 2147483647;
			files = (
				249E720C218A490200DB111B /* K2D-SemiBold.ttf in Resources */,
				249E720D218A490200DB111B /* K2D-Bold.ttf in Resources */,
				249E720E218A490200DB111B /* K2D-Thin.ttf in Resources */,
				249E720F218A490200DB111B /* K2D-Italic.ttf in Resources */,
				249E7210218A490200DB111B /* K2D-LightItalic.ttf in Resources */,
				249E7211218A490200DB111B /* K2D-ExtraBold.ttf in Resources */,
				249E7212218A490200DB111B /* K2D-ExtraLightItalic.ttf in Resources */,
				249E7213218A490200DB111B /* K2D-ExtraLight.ttf in Resources */,
				249E7214218A490200DB111B /* K2D-MediumItalic.ttf in Resources */,
				249E7215218A490200DB111B /* K2D-ThinItalic.ttf in Resources */,
				249E7216218A490200DB111B /* K2D-BoldItalic.ttf in Resources */,
				249E7217218A490200DB111B /* OFL.txt in Resources */,
				249E7218218A490200DB111B /* K2D-SemiBoldItalic.ttf in Resources */,
				249E7219218A490200DB111B /* K2D-Light.ttf in Resources */,
				249E721A218A490200DB111B /* K2D-ExtraBoldItalic.ttf in Resources */,
				249E721B218A490200DB111B /* K2D-Medium.ttf in Resources */,
				24912B0E216BB98D00C34B6C /* LaunchScreen.storyboard in Resources */,
				24912B0B216BB98D00C34B6C /* Assets.xcassets in Resources */,
				24912B09216BB98C00C34B6C /* Main.storyboard in Resources */,
			);
			runOnlyForDeploymentPostprocessing = 0;
		};
		24912B12216BB98D00C34B6C /* Resources */ = {
			isa = PBXResourcesBuildPhase;
			buildActionMask = 2147483647;
			files = (
			);
			runOnlyForDeploymentPostprocessing = 0;
		};
		24912B1D216BB98D00C34B6C /* Resources */ = {
			isa = PBXResourcesBuildPhase;
			buildActionMask = 2147483647;
			files = (
			);
			runOnlyForDeploymentPostprocessing = 0;
		};
/* End PBXResourcesBuildPhase section */

/* Begin PBXSourcesBuildPhase section */
		24912AFC216BB98C00C34B6C /* Sources */ = {
			isa = PBXSourcesBuildPhase;
			buildActionMask = 2147483647;
			files = (
				249EAB1221A4ACC7006156B5 /* FriendsView.swift in Sources */,
				249EAB1421A4AFE3006156B5 /* TableViewController.swift in Sources */,
				24912B06216BB98C00C34B6C /* ViewController.swift in Sources */,
				24C07B40216BE42000C4B216 /* MenuView.swift in Sources */,
				24458FC921B729A200972636 /* MultiplayerChoiceView.swift in Sources */,
				240E7B012187B95700BA79B9 /* SettingsView.swift in Sources */,
				24458FCB21B7313E00972636 /* MultiplayerGameView.swift in Sources */,
				24912B32216BC27C00C34B6C /* GameView.swift in Sources */,
				24912B04216BB98C00C34B6C /* AppDelegate.swift in Sources */,
			);
			runOnlyForDeploymentPostprocessing = 0;
		};
		24912B10216BB98D00C34B6C /* Sources */ = {
			isa = PBXSourcesBuildPhase;
			buildActionMask = 2147483647;
			files = (
				24912B19216BB98D00C34B6C /* Project_Team6Tests.swift in Sources */,
			);
			runOnlyForDeploymentPostprocessing = 0;
		};
		24912B1B216BB98D00C34B6C /* Sources */ = {
			isa = PBXSourcesBuildPhase;
			buildActionMask = 2147483647;
			files = (
				24912B24216BB98D00C34B6C /* Project_Team6UITests.swift in Sources */,
			);
			runOnlyForDeploymentPostprocessing = 0;
		};
/* End PBXSourcesBuildPhase section */

/* Begin PBXTargetDependency section */
		24912B16216BB98D00C34B6C /* PBXTargetDependency */ = {
			isa = PBXTargetDependency;
			target = 24912AFF216BB98C00C34B6C /* Project_Team6 */;
			targetProxy = 24912B15216BB98D00C34B6C /* PBXContainerItemProxy */;
		};
		24912B21216BB98D00C34B6C /* PBXTargetDependency */ = {
			isa = PBXTargetDependency;
			target = 24912AFF216BB98C00C34B6C /* Project_Team6 */;
			targetProxy = 24912B20216BB98D00C34B6C /* PBXContainerItemProxy */;
		};
/* End PBXTargetDependency section */

/* Begin PBXVariantGroup section */
		24912B07216BB98C00C34B6C /* Main.storyboard */ = {
			isa = PBXVariantGroup;
			children = (
				24912B08216BB98C00C34B6C /* Base */,
			);
			name = Main.storyboard;
			sourceTree = "<group>";
		};
		24912B0C216BB98D00C34B6C /* LaunchScreen.storyboard */ = {
			isa = PBXVariantGroup;
			children = (
				24912B0D216BB98D00C34B6C /* Base */,
			);
			name = LaunchScreen.storyboard;
			sourceTree = "<group>";
		};
/* End PBXVariantGroup section */

/* Begin XCBuildConfiguration section */
		24912B26216BB98D00C34B6C /* Debug */ = {
			isa = XCBuildConfiguration;
			buildSettings = {
				ALWAYS_SEARCH_USER_PATHS = NO;
				CLANG_ANALYZER_NONNULL = YES;
				CLANG_ANALYZER_NUMBER_OBJECT_CONVERSION = YES_AGGRESSIVE;
				CLANG_CXX_LANGUAGE_STANDARD = "gnu++14";
				CLANG_CXX_LIBRARY = "libc++";
				CLANG_ENABLE_MODULES = YES;
				CLANG_ENABLE_OBJC_ARC = YES;
				CLANG_ENABLE_OBJC_WEAK = YES;
				CLANG_WARN_BLOCK_CAPTURE_AUTORELEASING = YES;
				CLANG_WARN_BOOL_CONVERSION = YES;
				CLANG_WARN_COMMA = YES;
				CLANG_WARN_CONSTANT_CONVERSION = YES;
				CLANG_WARN_DEPRECATED_OBJC_IMPLEMENTATIONS = YES;
				CLANG_WARN_DIRECT_OBJC_ISA_USAGE = YES_ERROR;
				CLANG_WARN_DOCUMENTATION_COMMENTS = YES;
				CLANG_WARN_EMPTY_BODY = YES;
				CLANG_WARN_ENUM_CONVERSION = YES;
				CLANG_WARN_INFINITE_RECURSION = YES;
				CLANG_WARN_INT_CONVERSION = YES;
				CLANG_WARN_NON_LITERAL_NULL_CONVERSION = YES;
				CLANG_WARN_OBJC_IMPLICIT_RETAIN_SELF = YES;
				CLANG_WARN_OBJC_LITERAL_CONVERSION = YES;
				CLANG_WARN_OBJC_ROOT_CLASS = YES_ERROR;
				CLANG_WARN_RANGE_LOOP_ANALYSIS = YES;
				CLANG_WARN_STRICT_PROTOTYPES = YES;
				CLANG_WARN_SUSPICIOUS_MOVE = YES;
				CLANG_WARN_UNGUARDED_AVAILABILITY = YES_AGGRESSIVE;
				CLANG_WARN_UNREACHABLE_CODE = YES;
				CLANG_WARN__DUPLICATE_METHOD_MATCH = YES;
				CODE_SIGN_IDENTITY = "iPhone Developer";
				COPY_PHASE_STRIP = NO;
				DEBUG_INFORMATION_FORMAT = dwarf;
				ENABLE_STRICT_OBJC_MSGSEND = YES;
				ENABLE_TESTABILITY = YES;
				GCC_C_LANGUAGE_STANDARD = gnu11;
				GCC_DYNAMIC_NO_PIC = NO;
				GCC_NO_COMMON_BLOCKS = YES;
				GCC_OPTIMIZATION_LEVEL = 0;
				GCC_PREPROCESSOR_DEFINITIONS = (
					"DEBUG=1",
					"$(inherited)",
				);
				GCC_WARN_64_TO_32_BIT_CONVERSION = YES;
				GCC_WARN_ABOUT_RETURN_TYPE = YES_ERROR;
				GCC_WARN_UNDECLARED_SELECTOR = YES;
				GCC_WARN_UNINITIALIZED_AUTOS = YES_AGGRESSIVE;
				GCC_WARN_UNUSED_FUNCTION = YES;
				GCC_WARN_UNUSED_VARIABLE = YES;
				IPHONEOS_DEPLOYMENT_TARGET = 12.0;
				MTL_ENABLE_DEBUG_INFO = INCLUDE_SOURCE;
				MTL_FAST_MATH = YES;
				ONLY_ACTIVE_ARCH = YES;
				SDKROOT = iphoneos;
				SWIFT_ACTIVE_COMPILATION_CONDITIONS = DEBUG;
				SWIFT_OPTIMIZATION_LEVEL = "-Onone";
			};
			name = Debug;
		};
		24912B27216BB98D00C34B6C /* Release */ = {
			isa = XCBuildConfiguration;
			buildSettings = {
				ALWAYS_SEARCH_USER_PATHS = NO;
				CLANG_ANALYZER_NONNULL = YES;
				CLANG_ANALYZER_NUMBER_OBJECT_CONVERSION = YES_AGGRESSIVE;
				CLANG_CXX_LANGUAGE_STANDARD = "gnu++14";
				CLANG_CXX_LIBRARY = "libc++";
				CLANG_ENABLE_MODULES = YES;
				CLANG_ENABLE_OBJC_ARC = YES;
				CLANG_ENABLE_OBJC_WEAK = YES;
				CLANG_WARN_BLOCK_CAPTURE_AUTORELEASING = YES;
				CLANG_WARN_BOOL_CONVERSION = YES;
				CLANG_WARN_COMMA = YES;
				CLANG_WARN_CONSTANT_CONVERSION = YES;
				CLANG_WARN_DEPRECATED_OBJC_IMPLEMENTATIONS = YES;
				CLANG_WARN_DIRECT_OBJC_ISA_USAGE = YES_ERROR;
				CLANG_WARN_DOCUMENTATION_COMMENTS = YES;
				CLANG_WARN_EMPTY_BODY = YES;
				CLANG_WARN_ENUM_CONVERSION = YES;
				CLANG_WARN_INFINITE_RECURSION = YES;
				CLANG_WARN_INT_CONVERSION = YES;
				CLANG_WARN_NON_LITERAL_NULL_CONVERSION = YES;
				CLANG_WARN_OBJC_IMPLICIT_RETAIN_SELF = YES;
				CLANG_WARN_OBJC_LITERAL_CONVERSION = YES;
				CLANG_WARN_OBJC_ROOT_CLASS = YES_ERROR;
				CLANG_WARN_RANGE_LOOP_ANALYSIS = YES;
				CLANG_WARN_STRICT_PROTOTYPES = YES;
				CLANG_WARN_SUSPICIOUS_MOVE = YES;
				CLANG_WARN_UNGUARDED_AVAILABILITY = YES_AGGRESSIVE;
				CLANG_WARN_UNREACHABLE_CODE = YES;
				CLANG_WARN__DUPLICATE_METHOD_MATCH = YES;
				CODE_SIGN_IDENTITY = "iPhone Developer";
				COPY_PHASE_STRIP = NO;
				DEBUG_INFORMATION_FORMAT = "dwarf-with-dsym";
				ENABLE_NS_ASSERTIONS = NO;
				ENABLE_STRICT_OBJC_MSGSEND = YES;
				GCC_C_LANGUAGE_STANDARD = gnu11;
				GCC_NO_COMMON_BLOCKS = YES;
				GCC_WARN_64_TO_32_BIT_CONVERSION = YES;
				GCC_WARN_ABOUT_RETURN_TYPE = YES_ERROR;
				GCC_WARN_UNDECLARED_SELECTOR = YES;
				GCC_WARN_UNINITIALIZED_AUTOS = YES_AGGRESSIVE;
				GCC_WARN_UNUSED_FUNCTION = YES;
				GCC_WARN_UNUSED_VARIABLE = YES;
				IPHONEOS_DEPLOYMENT_TARGET = 12.0;
				MTL_ENABLE_DEBUG_INFO = NO;
				MTL_FAST_MATH = YES;
				SDKROOT = iphoneos;
				SWIFT_COMPILATION_MODE = wholemodule;
				SWIFT_OPTIMIZATION_LEVEL = "-O";
				VALIDATE_PRODUCT = YES;
			};
			name = Release;
		};
		24912B29216BB98D00C34B6C /* Debug */ = {
			isa = XCBuildConfiguration;
			buildSettings = {
				ASSETCATALOG_COMPILER_APPICON_NAME = AppIcon;
				CODE_SIGN_STYLE = Automatic;
				DEVELOPMENT_TEAM = 258S94TD9V;
				INFOPLIST_FILE = Project_Team6/Info.plist;
				LD_RUNPATH_SEARCH_PATHS = (
					"$(inherited)",
					"@executable_path/Frameworks",
				);
				PRODUCT_BUNDLE_IDENTIFIER = Marepalli.NumPi;
				PRODUCT_NAME = "$(TARGET_NAME)";
				SWIFT_VERSION = 4.2;
				TARGETED_DEVICE_FAMILY = "1,2";
			};
			name = Debug;
		};
		24912B2A216BB98D00C34B6C /* Release */ = {
			isa = XCBuildConfiguration;
			buildSettings = {
				ASSETCATALOG_COMPILER_APPICON_NAME = AppIcon;
				CODE_SIGN_STYLE = Automatic;
				DEVELOPMENT_TEAM = 258S94TD9V;
				INFOPLIST_FILE = Project_Team6/Info.plist;
				LD_RUNPATH_SEARCH_PATHS = (
					"$(inherited)",
					"@executable_path/Frameworks",
				);
				PRODUCT_BUNDLE_IDENTIFIER = Marepalli.NumPi;
				PRODUCT_NAME = "$(TARGET_NAME)";
				SWIFT_VERSION = 4.2;
				TARGETED_DEVICE_FAMILY = "1,2";
			};
			name = Release;
		};
		24912B2C216BB98D00C34B6C /* Debug */ = {
			isa = XCBuildConfiguration;
			buildSettings = {
				ALWAYS_EMBED_SWIFT_STANDARD_LIBRARIES = YES;
				BUNDLE_LOADER = "$(TEST_HOST)";
				CODE_SIGN_STYLE = Automatic;
				INFOPLIST_FILE = Project_Team6Tests/Info.plist;
				LD_RUNPATH_SEARCH_PATHS = (
					"$(inherited)",
					"@executable_path/Frameworks",
					"@loader_path/Frameworks",
				);
				PRODUCT_BUNDLE_IDENTIFIER = "UH.Project-Team6Tests";
				PRODUCT_NAME = "$(TARGET_NAME)";
				SWIFT_VERSION = 4.2;
				TARGETED_DEVICE_FAMILY = "1,2";
				TEST_HOST = "$(BUILT_PRODUCTS_DIR)/Project_Team6.app/Project_Team6";
			};
			name = Debug;
		};
		24912B2D216BB98D00C34B6C /* Release */ = {
			isa = XCBuildConfiguration;
			buildSettings = {
				ALWAYS_EMBED_SWIFT_STANDARD_LIBRARIES = YES;
				BUNDLE_LOADER = "$(TEST_HOST)";
				CODE_SIGN_STYLE = Automatic;
				INFOPLIST_FILE = Project_Team6Tests/Info.plist;
				LD_RUNPATH_SEARCH_PATHS = (
					"$(inherited)",
					"@executable_path/Frameworks",
					"@loader_path/Frameworks",
				);
				PRODUCT_BUNDLE_IDENTIFIER = "UH.Project-Team6Tests";
				PRODUCT_NAME = "$(TARGET_NAME)";
				SWIFT_VERSION = 4.2;
				TARGETED_DEVICE_FAMILY = "1,2";
				TEST_HOST = "$(BUILT_PRODUCTS_DIR)/Project_Team6.app/Project_Team6";
			};
			name = Release;
		};
		24912B2F216BB98D00C34B6C /* Debug */ = {
			isa = XCBuildConfiguration;
			buildSettings = {
				ALWAYS_EMBED_SWIFT_STANDARD_LIBRARIES = YES;
				CODE_SIGN_STYLE = Automatic;
				INFOPLIST_FILE = Project_Team6UITests/Info.plist;
				LD_RUNPATH_SEARCH_PATHS = (
					"$(inherited)",
					"@executable_path/Frameworks",
					"@loader_path/Frameworks",
				);
				PRODUCT_BUNDLE_IDENTIFIER = "UH.Project-Team6UITests";
				PRODUCT_NAME = "$(TARGET_NAME)";
				SWIFT_VERSION = 4.2;
				TARGETED_DEVICE_FAMILY = "1,2";
				TEST_TARGET_NAME = Project_Team6;
			};
			name = Debug;
		};
		24912B30216BB98D00C34B6C /* Release */ = {
			isa = XCBuildConfiguration;
			buildSettings = {
				ALWAYS_EMBED_SWIFT_STANDARD_LIBRARIES = YES;
				CODE_SIGN_STYLE = Automatic;
				INFOPLIST_FILE = Project_Team6UITests/Info.plist;
				LD_RUNPATH_SEARCH_PATHS = (
					"$(inherited)",
					"@executable_path/Frameworks",
					"@loader_path/Frameworks",
				);
				PRODUCT_BUNDLE_IDENTIFIER = "UH.Project-Team6UITests";
				PRODUCT_NAME = "$(TARGET_NAME)";
				SWIFT_VERSION = 4.2;
				TARGETED_DEVICE_FAMILY = "1,2";
				TEST_TARGET_NAME = Project_Team6;
			};
			name = Release;
		};
/* End XCBuildConfiguration section */

/* Begin XCConfigurationList section */
		24912AFB216BB98C00C34B6C /* Build configuration list for PBXProject "Project_Team6-10:31" */ = {
			isa = XCConfigurationList;
			buildConfigurations = (
				24912B26216BB98D00C34B6C /* Debug */,
				24912B27216BB98D00C34B6C /* Release */,
			);
			defaultConfigurationIsVisible = 0;
			defaultConfigurationName = Release;
		};
		24912B28216BB98D00C34B6C /* Build configuration list for PBXNativeTarget "Project_Team6" */ = {
			isa = XCConfigurationList;
			buildConfigurations = (
				24912B29216BB98D00C34B6C /* Debug */,
				24912B2A216BB98D00C34B6C /* Release */,
			);
			defaultConfigurationIsVisible = 0;
			defaultConfigurationName = Release;
		};
		24912B2B216BB98D00C34B6C /* Build configuration list for PBXNativeTarget "Project_Team6Tests" */ = {
			isa = XCConfigurationList;
			buildConfigurations = (
				24912B2C216BB98D00C34B6C /* Debug */,
				24912B2D216BB98D00C34B6C /* Release */,
			);
			defaultConfigurationIsVisible = 0;
			defaultConfigurationName = Release;
		};
		24912B2E216BB98D00C34B6C /* Build configuration list for PBXNativeTarget "Project_Team6UITests" */ = {
			isa = XCConfigurationList;
			buildConfigurations = (
				24912B2F216BB98D00C34B6C /* Debug */,
				24912B30216BB98D00C34B6C /* Release */,
			);
			defaultConfigurationIsVisible = 0;
			defaultConfigurationName = Release;
		};
/* End XCConfigurationList section */
	};
	rootObject = 24912AF8216BB98C00C34B6C /* Project object */;
}
